{
  "requires": true,
  "lockfileVersion": 1,
  "dependencies": {
    "fullpage.js": {
      "version": "3.0.5",
      "resolved": "https://registry.npmjs.org/fullpage.js/-/fullpage.js-3.0.5.tgz",
      "integrity": "sha512-80zJ12tqIkwNgVRnrJiP2RDy1okF9wXj5I7BDg5dsJcHCpgzb052ATCjz+3g7Zp1fjGsaDmEu1m92MafGqcO3w=="
    }
  }
}
